
Microsoft Visual Studio Solution File, Format Version 12.00
# Visual Studio 15
VisualStudioVersion = 15.0.28307.489
MinimumVisualStudioVersion = 10.0.40219.1
Project("{FAE04EC0-301F-11D3-BF4B-00C04F79EFBC}") = "WebAppEmailConfirmation", "WebAppEmailConfirmation.csproj", "{C18FB915-D6D0-42FC-9033-50427163F3BE}"
EndProject
Global
	GlobalSection(SolutionConfigurationPlatforms) = preSolution
		Debug|Any CPU = Debug|Any CPU
		Release|Any CPU = Release|Any CPU
	EndGlobalSection
	GlobalSection(ProjectConfigurationPlatforms) = postSolution
		{C18FB915-D6D0-42FC-9033-50427163F3BE}.Debug|Any CPU.ActiveCfg = Debug|Any CPU
		{C18FB915-D6D0-42FC-9033-50427163F3BE}.Debug|Any CPU.Build.0 = Debug|Any CPU
		{C18FB915-D6D0-42FC-9033-50427163F3BE}.Release|Any CPU.ActiveCfg = Release|Any CPU
		{C18FB915-D6D0-42FC-9033-50427163F3BE}.Release|Any CPU.Build.0 = Release|Any CPU
	EndGlobalSection
	GlobalSection(SolutionProperties) = preSolution
		HideSolutionNode = FALSE
	EndGlobalSection
	GlobalSection(ExtensibilityGlobals) = postSolution
		SolutionGuid = {CB596C79-895C-4D98-A626-440633655503}
	EndGlobalSection
EndGlobal
